{
  "requires": true,
  "lockfileVersion": 1,
  "dependencies": {
    "awesomplete": {
      "version": "1.1.5",
      "resolved": "https://registry.npmjs.org/awesomplete/-/awesomplete-1.1.5.tgz",
      "integrity": "sha512-UFw1mPW8NaSECDSTC36HbAOTpF9JK2wBUJcNn4MSvlNtK7SZ9N72gB+ajHtA6D1abYXRcszZnBA4nHBwvFwzHw=="
    },
    "phoenix_live_view": {
      "version": "0.12.1",
      "resolved": "https://registry.npmjs.org/phoenix_live_view/-/phoenix_live_view-0.12.1.tgz",
      "integrity": "sha512-AmTtyWmM/H/HebrL5ZVa2KzVwVbaW+QSaKTOGh4M7pcar9Hv7ehNlEMQ4AEj2Ut6ThUFI2dZx6x9gpsR45O5qw=="
    }
  }
}
